<?xml version="1.0" encoding="utf-8"?>
<Project ToolsVersion="4.0" xmlns="http://schemas.microsoft.com/developer/msbuild/2003">
  <ItemGroup>
    <ClInclude Include="Debug.h" />
    <ClInclude Include="Util.h" />
    <ClInclude Include="cJSON\cJSON.h">
      <Filter>External\cJSON</Filter>
    </ClInclude>
    <ClInclude Include="tinyxml2\tinyxml2.h">
      <Filter>External\TinyXML2</Filter>
    </ClInclude>
    <ClInclude Include="Json.h" />
    <ClInclude Include="Xml.h" />
    <ClInclude Include="Serial.h" />
    <ClInclude Include="Dynamic.h" />
    <ClInclude Include="EnumTraits.h" />
    <ClInclude Include="Singleton.h" />
    <ClInclude Include="EnumArray.h" />
    <ClInclude Include="EnumRange.h" />
    <ClInclude Include="FormatString.h" />
    <ClInclude Include="Filesystem.h" />
    <ClInclude Include="EnumBitset.h" />
    <ClInclude Include="IndexRange.h" />
    <ClInclude Include="MinFinder.h" />
    <ClInclude Include="Math.h" />
    <ClInclude Include="Log.h" />
  </ItemGroup>
  <ItemGroup>
    <ClCompile Include="Debug.cpp" />
    <ClCompile Include="cJSON\cJSON.c">
      <Filter>External\cJSON</Filter>
    </ClCompile>
    <ClCompile Include="tinyxml2\tinyxml2.cpp">
      <Filter>External\TinyXML2</Filter>
    </ClCompile>
    <ClCompile Include="Json.cpp" />
    <ClCompile Include="Xml.cpp" />
    <ClCompile Include="Serial.cpp" />
    <ClCompile Include="Dynamic.cpp" />
    <ClCompile Include="Filesystem.cpp" />
    <ClCompile Include="FormatString.cpp" />
    <ClCompile Include="Log.cpp" />
    <ClCompile Include="Util.cpp" />
  </ItemGroup>
  <ItemGroup>
    <Filter Include="External">
      <UniqueIdentifier>{b007b80a-786b-4746-bd2e-d7bf7b717e29}</UniqueIdentifier>
    </Filter>
    <Filter Include="External\cJSON">
      <UniqueIdentifier>{2b7a5878-35f1-486b-90e8-980606ca732a}</UniqueIdentifier>
    </Filter>
    <Filter Include="External\TinyXML2">
      <UniqueIdentifier>{a4d0bdc3-8399-49be-9645-c9a6e97abb75}</UniqueIdentifier>
    </Filter>
  </ItemGroup>
</Project>